{
  "requires": true,
  "lockfileVersion": 1,
  "dependencies": {
    "vue-i18n": {
      "version": "8.26.7",
<<<<<<< HEAD
      "resolved": "https://registry.npmmirror.com/vue-i18n/download/vue-i18n-8.26.7.tgz",
=======
      "resolved": "https://registry.npmmirror.com/vue-i18n/download/vue-i18n-8.26.7.tgz?cache=0&sync_timestamp=1637226122414&other_urls=https%3A%2F%2Fregistry.npmmirror.com%2Fvue-i18n%2Fdownload%2Fvue-i18n-8.26.7.tgz",
>>>>>>> f06d8c2ddc1fbc898cabdf734f5b13007f3a8aa3
      "integrity": "sha1-rf1INzRJ/jFDjEjjs71DBE3DpoE="
    }
  }
}
